// !$*UTF8*$!
{
	archiveVersion = 1;
	classes = {
	};
	objectVersion = 77;
	objects = {

/* Begin PBXContainerItemProxy section */
		53B55E9F2CE5658500A0EAFA /* PBXContainerItemProxy */ = {
			isa = PBXContainerItemProxy;
			containerPortal = 53B55E862CE5658200A0EAFA /* Project object */;
			proxyType = 1;
			remoteGlobalIDString = 53B55E8D2CE5658200A0EAFA;
			remoteInfo = "Wallet Buddy";
		};
		53B55EA92CE5658500A0EAFA /* PBXContainerItemProxy */ = {
			isa = PBXContainerItemProxy;
			containerPortal = 53B55E862CE5658200A0EAFA /* Project object */;
			proxyType = 1;
			remoteGlobalIDString = 53B55E8D2CE5658200A0EAFA;
			remoteInfo = "Wallet Buddy";
		};
/* End PBXContainerItemProxy section */

/* Begin PBXFileReference section */
		53B55E8E2CE5658200A0EAFA /* Wallet Buddy.app */ = {isa = PBXFileReference; explicitFileType = wrapper.application; includeInIndex = 0; path = "Wallet Buddy.app"; sourceTree = BUILT_PRODUCTS_DIR; };
		53B55E9E2CE5658500A0EAFA /* Wallet BuddyTests.xctest */ = {isa = PBXFileReference; explicitFileType = wrapper.cfbundle; includeInIndex = 0; path = "Wallet BuddyTests.xctest"; sourceTree = BUILT_PRODUCTS_DIR; };
		53B55EA82CE5658500A0EAFA /* Wallet BuddyUITests.xctest */ = {isa = PBXFileReference; explicitFileType = wrapper.cfbundle; includeInIndex = 0; path = "Wallet BuddyUITests.xctest"; sourceTree = BUILT_PRODUCTS_DIR; };
/* End PBXFileReference section */

/* Begin PBXFileSystemSynchronizedRootGroup section */
		53B55E902CE5658200A0EAFA /* Wallet Buddy */ = {
			isa = PBXFileSystemSynchronizedRootGroup;
			path = "Wallet Buddy";
			sourceTree = "<group>";
		};
		53B55EA12CE5658500A0EAFA /* Wallet BuddyTests */ = {
			isa = PBXFileSystemSynchronizedRootGroup;
			path = "Wallet BuddyTests";
			sourceTree = "<group>";
		};
		53B55EAB2CE5658500A0EAFA /* Wallet BuddyUITests */ = {
			isa = PBXFileSystemSynchronizedRootGroup;
			path = "Wallet BuddyUITests";
			sourceTree = "<group>";
		};
/* End PBXFileSystemSynchronizedRootGroup section */

/* Begin PBXFrameworksBuildPhase section */
		53B55E8B2CE5658200A0EAFA /* Frameworks */ = {
			isa = PBXFrameworksBuildPhase;
			buildActionMask = 2147483647;
			files = (
			);
			runOnlyForDeploymentPostprocessing = 0;
		};
		53B55E9B2CE5658500A0EAFA /* Frameworks */ = {
			isa = PBXFrameworksBuildPhase;
			buildActionMask = 2147483647;
			files = (
			);
			runOnlyForDeploymentPostprocessing = 0;
		};
		53B55EA52CE5658500A0EAFA /* Frameworks */ = {
			isa = PBXFrameworksBuildPhase;
			buildActionMask = 2147483647;
			files = (
			);
			runOnlyForDeploymentPostprocessing = 0;
		};
/* End PBXFrameworksBuildPhase section */

/* Begin PBXGroup section */
		53B55E852CE5658200A0EAFA = {
			isa = PBXGroup;
			children = (
				53B55E902CE5658200A0EAFA /* Wallet Buddy */,
				53B55EA12CE5658500A0EAFA /* Wallet BuddyTests */,
				53B55EAB2CE5658500A0EAFA /* Wallet BuddyUITests */,
				53B55E8F2CE5658200A0EAFA /* Products */,
			);
			sourceTree = "<group>";
		};
		53B55E8F2CE5658200A0EAFA /* Products */ = {
			isa = PBXGroup;
			children = (
				53B55E8E2CE5658200A0EAFA /* Wallet Buddy.app */,
				53B55E9E2CE5658500A0EAFA /* Wallet BuddyTests.xctest */,
				53B55EA82CE5658500A0EAFA /* Wallet BuddyUITests.xctest */,
			);
			name = Products;
			sourceTree = "<group>";
		};
/* End PBXGroup section */

/* Begin PBXNativeTarget section */
		53B55E8D2CE5658200A0EAFA /* Wallet Buddy */ = {
			isa = PBXNativeTarget;
			buildConfigurationList = 53B55EB22CE5658500A0EAFA /* Build configuration list for PBXNativeTarget "Wallet Buddy" */;
			buildPhases = (
				53B55E8A2CE5658200A0EAFA /* Sources */,
				53B55E8B2CE5658200A0EAFA /* Frameworks */,
				53B55E8C2CE5658200A0EAFA /* Resources */,
			);
			buildRules = (
			);
			dependencies = (
			);
			fileSystemSynchronizedGroups = (
				53B55E902CE5658200A0EAFA /* Wallet Buddy */,
			);
			name = "Wallet Buddy";
			packageProductDependencies = (
			);
			productName = "Wallet Buddy";
			productReference = 53B55E8E2CE5658200A0EAFA /* Wallet Buddy.app */;
			productType = "com.apple.product-type.application";
		};
		53B55E9D2CE5658500A0EAFA /* Wallet BuddyTests */ = {
			isa = PBXNativeTarget;
			buildConfigurationList = 53B55EB52CE5658500A0EAFA /* Build configuration list for PBXNativeTarget "Wallet BuddyTests" */;
			buildPhases = (
				53B55E9A2CE5658500A0EAFA /* Sources */,
				53B55E9B2CE5658500A0EAFA /* Frameworks */,
				53B55E9C2CE5658500A0EAFA /* Resources */,
			);
			buildRules = (
			);
			dependencies = (
				53B55EA02CE5658500A0EAFA /* PBXTargetDependency */,
			);
			fileSystemSynchronizedGroups = (
				53B55EA12CE5658500A0EAFA /* Wallet BuddyTests */,
			);
			name = "Wallet BuddyTests";
			packageProductDependencies = (
			);
			productName = "Wallet BuddyTests";
			productReference = 53B55E9E2CE5658500A0EAFA /* Wallet BuddyTests.xctest */;
			productType = "com.apple.product-type.bundle.unit-test";
		};
		53B55EA72CE5658500A0EAFA /* Wallet BuddyUITests */ = {
			isa = PBXNativeTarget;
			buildConfigurationList = 53B55EB82CE5658500A0EAFA /* Build configuration list for PBXNativeTarget "Wallet BuddyUITests" */;
			buildPhases = (
				53B55EA42CE5658500A0EAFA /* Sources */,
				53B55EA52CE5658500A0EAFA /* Frameworks */,
				53B55EA62CE5658500A0EAFA /* Resources */,
			);
			buildRules = (
			);
			dependencies = (
				53B55EAA2CE5658500A0EAFA /* PBXTargetDependency */,
			);
			fileSystemSynchronizedGroups = (
				53B55EAB2CE5658500A0EAFA /* Wallet BuddyUITests */,
			);
			name = "Wallet BuddyUITests";
			packageProductDependencies = (
			);
			productName = "Wallet BuddyUITests";
			productReference = 53B55EA82CE5658500A0EAFA /* Wallet BuddyUITests.xctest */;
			productType = "com.apple.product-type.bundle.ui-testing";
		};
/* End PBXNativeTarget section */

/* Begin PBXProject section */
		53B55E862CE5658200A0EAFA /* Project object */ = {
			isa = PBXProject;
			attributes = {
				BuildIndependentTargetsInParallel = 1;
				LastSwiftUpdateCheck = 1610;
				LastUpgradeCheck = 1610;
				TargetAttributes = {
					53B55E8D2CE5658200A0EAFA = {
						CreatedOnToolsVersion = 16.1;
					};
					53B55E9D2CE5658500A0EAFA = {
						CreatedOnToolsVersion = 16.1;
						TestTargetID = 53B55E8D2CE5658200A0EAFA;
					};
					53B55EA72CE5658500A0EAFA = {
						CreatedOnToolsVersion = 16.1;
						TestTargetID = 53B55E8D2CE5658200A0EAFA;
					};
				};
			};
			buildConfigurationList = 53B55E892CE5658200A0EAFA /* Build configuration list for PBXProject "Wallet Buddy" */;
			developmentRegion = en;
			hasScannedForEncodings = 0;
			knownRegions = (
				en,
				Base,
			);
			mainGroup = 53B55E852CE5658200A0EAFA;
			minimizedProjectReferenceProxies = 1;
			preferredProjectObjectVersion = 77;
			productRefGroup = 53B55E8F2CE5658200A0EAFA /* Products */;
			projectDirPath = "";
			projectRoot = "";
			targets = (
				53B55E8D2CE5658200A0EAFA /* Wallet Buddy */,
				53B55E9D2CE5658500A0EAFA /* Wallet BuddyTests */,
				53B55EA72CE5658500A0EAFA /* Wallet BuddyUITests */,
			);
		};
/* End PBXProject section */

/* Begin PBXResourcesBuildPhase section */
		53B55E8C2CE5658200A0EAFA /* Resources */ = {
			isa = PBXResourcesBuildPhase;
			buildActionMask = 2147483647;
			files = (
			);
			runOnlyForDeploymentPostprocessing = 0;
		};
		53B55E9C2CE5658500A0EAFA /* Resources */ = {
			isa = PBXResourcesBuildPhase;
			buildActionMask = 2147483647;
			files = (
			);
			runOnlyForDeploymentPostprocessing = 0;
		};
		53B55EA62CE5658500A0EAFA /* Resources */ = {
			isa = PBXResourcesBuildPhase;
			buildActionMask = 2147483647;
			files = (
			);
			runOnlyForDeploymentPostprocessing = 0;
		};
/* End PBXResourcesBuildPhase section */

/* Begin PBXSourcesBuildPhase section */
		53B55E8A2CE5658200A0EAFA /* Sources */ = {
			isa = PBXSourcesBuildPhase;
			buildActionMask = 2147483647;
			files = (
			);
			runOnlyForDeploymentPostprocessing = 0;
		};
		53B55E9A2CE5658500A0EAFA /* Sources */ = {
			isa = PBXSourcesBuildPhase;
			buildActionMask = 2147483647;
			files = (
			);
			runOnlyForDeploymentPostprocessing = 0;
		};
		53B55EA42CE5658500A0EAFA /* Sources */ = {
			isa = PBXSourcesBuildPhase;
			buildActionMask = 2147483647;
			files = (
			);
			runOnlyForDeploymentPostprocessing = 0;
		};
/* End PBXSourcesBuildPhase section */

/* Begin PBXTargetDependency section */
		53B55EA02CE5658500A0EAFA /* PBXTargetDependency */ = {
			isa = PBXTargetDependency;
			target = 53B55E8D2CE5658200A0EAFA /* Wallet Buddy */;
			targetProxy = 53B55E9F2CE5658500A0EAFA /* PBXContainerItemProxy */;
		};
		53B55EAA2CE5658500A0EAFA /* PBXTargetDependency */ = {
			isa = PBXTargetDependency;
			target = 53B55E8D2CE5658200A0EAFA /* Wallet Buddy */;
			targetProxy = 53B55EA92CE5658500A0EAFA /* PBXContainerItemProxy */;
		};
/* End PBXTargetDependency section */

/* Begin XCBuildConfiguration section */
		53B55EB02CE5658500A0EAFA /* Debug */ = {
			isa = XCBuildConfiguration;
			buildSettings = {
				ALWAYS_SEARCH_USER_PATHS = NO;
				ASSETCATALOG_COMPILER_GENERATE_SWIFT_ASSET_SYMBOL_EXTENSIONS = YES;
				CLANG_ANALYZER_NONNULL = YES;
				CLANG_ANALYZER_NUMBER_OBJECT_CONVERSION = YES_AGGRESSIVE;
				CLANG_CXX_LANGUAGE_STANDARD = "gnu++20";
				CLANG_ENABLE_MODULES = YES;
				CLANG_ENABLE_OBJC_ARC = YES;
				CLANG_ENABLE_OBJC_WEAK = YES;
				CLANG_WARN_BLOCK_CAPTURE_AUTORELEASING = YES;
				CLANG_WARN_BOOL_CONVERSION = YES;
				CLANG_WARN_COMMA = YES;
				CLANG_WARN_CONSTANT_CONVERSION = YES;
				CLANG_WARN_DEPRECATED_OBJC_IMPLEMENTATIONS = YES;
				CLANG_WARN_DIRECT_OBJC_ISA_USAGE = YES_ERROR;
				CLANG_WARN_DOCUMENTATION_COMMENTS = YES;
				CLANG_WARN_EMPTY_BODY = YES;
				CLANG_WARN_ENUM_CONVERSION = YES;
				CLANG_WARN_INFINITE_RECURSION = YES;
				CLANG_WARN_INT_CONVERSION = YES;
				CLANG_WARN_NON_LITERAL_NULL_CONVERSION = YES;
				CLANG_WARN_OBJC_IMPLICIT_RETAIN_SELF = YES;
				CLANG_WARN_OBJC_LITERAL_CONVERSION = YES;
				CLANG_WARN_OBJC_ROOT_CLASS = YES_ERROR;
				CLANG_WARN_QUOTED_INCLUDE_IN_FRAMEWORK_HEADER = YES;
				CLANG_WARN_RANGE_LOOP_ANALYSIS = YES;
				CLANG_WARN_STRICT_PROTOTYPES = YES;
				CLANG_WARN_SUSPICIOUS_MOVE = YES;
				CLANG_WARN_UNGUARDED_AVAILABILITY = YES_AGGRESSIVE;
				CLANG_WARN_UNREACHABLE_CODE = YES;
				CLANG_WARN__DUPLICATE_METHOD_MATCH = YES;
				COPY_PHASE_STRIP = NO;
				DEBUG_INFORMATION_FORMAT = dwarf;
				ENABLE_STRICT_OBJC_MSGSEND = YES;
				ENABLE_TESTABILITY = YES;
				ENABLE_USER_SCRIPT_SANDBOXING = YES;
				GCC_C_LANGUAGE_STANDARD = gnu17;
				GCC_DYNAMIC_NO_PIC = NO;
				GCC_NO_COMMON_BLOCKS = YES;
				GCC_OPTIMIZATION_LEVEL = 0;
				GCC_PREPROCESSOR_DEFINITIONS = (
					"DEBUG=1",
					"$(inherited)",
				);
				GCC_WARN_64_TO_32_BIT_CONVERSION = YES;
				GCC_WARN_ABOUT_RETURN_TYPE = YES_ERROR;
				GCC_WARN_UNDECLARED_SELECTOR = YES;
				GCC_WARN_UNINITIALIZED_AUTOS = YES_AGGRESSIVE;
				GCC_WARN_UNUSED_FUNCTION = YES;
				GCC_WARN_UNUSED_VARIABLE = YES;
				IPHONEOS_DEPLOYMENT_TARGET = 18.1;
				LOCALIZATION_PREFERS_STRING_CATALOGS = YES;
				MTL_ENABLE_DEBUG_INFO = INCLUDE_SOURCE;
				MTL_FAST_MATH = YES;
				ONLY_ACTIVE_ARCH = YES;
				SDKROOT = iphoneos;
				SWIFT_ACTIVE_COMPILATION_CONDITIONS = "DEBUG $(inherited)";
				SWIFT_OPTIMIZATION_LEVEL = "-Onone";
			};
			name = Debug;
		};
		53B55EB12CE5658500A0EAFA /* Release */ = {
			isa = XCBuildConfiguration;
			buildSettings = {
				ALWAYS_SEARCH_USER_PATHS = NO;
				ASSETCATALOG_COMPILER_GENERATE_SWIFT_ASSET_SYMBOL_EXTENSIONS = YES;
				CLANG_ANALYZER_NONNULL = YES;
				CLANG_ANALYZER_NUMBER_OBJECT_CONVERSION = YES_AGGRESSIVE;
				CLANG_CXX_LANGUAGE_STANDARD = "gnu++20";
				CLANG_ENABLE_MODULES = YES;
				CLANG_ENABLE_OBJC_ARC = YES;
				CLANG_ENABLE_OBJC_WEAK = YES;
				CLANG_WARN_BLOCK_CAPTURE_AUTORELEASING = YES;
				CLANG_WARN_BOOL_CONVERSION = YES;
				CLANG_WARN_COMMA = YES;
				CLANG_WARN_CONSTANT_CONVERSION = YES;
				CLANG_WARN_DEPRECATED_OBJC_IMPLEMENTATIONS = YES;
				CLANG_WARN_DIRECT_OBJC_ISA_USAGE = YES_ERROR;
				CLANG_WARN_DOCUMENTATION_COMMENTS = YES;
				CLANG_WARN_EMPTY_BODY = YES;
				CLANG_WARN_ENUM_CONVERSION = YES;
				CLANG_WARN_INFINITE_RECURSION = YES;
				CLANG_WARN_INT_CONVERSION = YES;
				CLANG_WARN_NON_LITERAL_NULL_CONVERSION = YES;
				CLANG_WARN_OBJC_IMPLICIT_RETAIN_SELF = YES;
				CLANG_WARN_OBJC_LITERAL_CONVERSION = YES;
				CLANG_WARN_OBJC_ROOT_CLASS = YES_ERROR;
				CLANG_WARN_QUOTED_INCLUDE_IN_FRAMEWORK_HEADER = YES;
				CLANG_WARN_RANGE_LOOP_ANALYSIS = YES;
				CLANG_WARN_STRICT_PROTOTYPES = YES;
				CLANG_WARN_SUSPICIOUS_MOVE = YES;
				CLANG_WARN_UNGUARDED_AVAILABILITY = YES_AGGRESSIVE;
				CLANG_WARN_UNREACHABLE_CODE = YES;
				CLANG_WARN__DUPLICATE_METHOD_MATCH = YES;
				COPY_PHASE_STRIP = NO;
				DEBUG_INFORMATION_FORMAT = "dwarf-with-dsym";
				ENABLE_NS_ASSERTIONS = NO;
				ENABLE_STRICT_OBJC_MSGSEND = YES;
				ENABLE_USER_SCRIPT_SANDBOXING = YES;
				GCC_C_LANGUAGE_STANDARD = gnu17;
				GCC_NO_COMMON_BLOCKS = YES;
				GCC_WARN_64_TO_32_BIT_CONVERSION = YES;
				GCC_WARN_ABOUT_RETURN_TYPE = YES_ERROR;
				GCC_WARN_UNDECLARED_SELECTOR = YES;
				GCC_WARN_UNINITIALIZED_AUTOS = YES_AGGRESSIVE;
				GCC_WARN_UNUSED_FUNCTION = YES;
				GCC_WARN_UNUSED_VARIABLE = YES;
				IPHONEOS_DEPLOYMENT_TARGET = 18.1;
				LOCALIZATION_PREFERS_STRING_CATALOGS = YES;
				MTL_ENABLE_DEBUG_INFO = NO;
				MTL_FAST_MATH = YES;
				SDKROOT = iphoneos;
				SWIFT_COMPILATION_MODE = wholemodule;
				VALIDATE_PRODUCT = YES;
			};
			name = Release;
		};
		53B55EB32CE5658500A0EAFA /* Debug */ = {
			isa = XCBuildConfiguration;
			buildSettings = {
				ASSETCATALOG_COMPILER_APPICON_NAME = AppIcon;
				ASSETCATALOG_COMPILER_GLOBAL_ACCENT_COLOR_NAME = AccentColor;
				CODE_SIGN_STYLE = Automatic;
				CURRENT_PROJECT_VERSION = 1;
				DEVELOPMENT_ASSET_PATHS = "\"Wallet Buddy/Preview Content\"";
				ENABLE_PREVIEWS = YES;
				GENERATE_INFOPLIST_FILE = YES;
				INFOPLIST_KEY_UIApplicationSceneManifest_Generation = YES;
				INFOPLIST_KEY_UIApplicationSupportsIndirectInputEvents = YES;
				INFOPLIST_KEY_UILaunchScreen_Generation = YES;
				INFOPLIST_KEY_UISupportedInterfaceOrientations_iPad = "UIInterfaceOrientationPortrait UIInterfaceOrientationPortraitUpsideDown UIInterfaceOrientationLandscapeLeft UIInterfaceOrientationLandscapeRight";
				INFOPLIST_KEY_UISupportedInterfaceOrientations_iPhone = "UIInterfaceOrientationPortrait UIInterfaceOrientationLandscapeLeft UIInterfaceOrientationLandscapeRight";
				LD_RUNPATH_SEARCH_PATHS = (
					"$(inherited)",
					"@executable_path/Frameworks",
				);
				MARKETING_VERSION = 1.0;
				PRODUCT_BUNDLE_IDENTIFIER = "io.iosacademy.Wallet-Buddy";
				PRODUCT_NAME = "$(TARGET_NAME)";
				SWIFT_EMIT_LOC_STRINGS = YES;
				SWIFT_VERSION = 5.0;
				TARGETED_DEVICE_FAMILY = "1,2";
			};
			name = Debug;
		};
		53B55EB42CE5658500A0EAFA /* Release */ = {
			isa = XCBuildConfiguration;
			buildSettings = {
				ASSETCATALOG_COMPILER_APPICON_NAME = AppIcon;
				ASSETCATALOG_COMPILER_GLOBAL_ACCENT_COLOR_NAME = AccentColor;
				CODE_SIGN_STYLE = Automatic;
				CURRENT_PROJECT_VERSION = 1;
				DEVELOPMENT_ASSET_PATHS = "\"Wallet Buddy/Preview Content\"";
				ENABLE_PREVIEWS = YES;
				GENERATE_INFOPLIST_FILE = YES;
				INFOPLIST_KEY_UIApplicationSceneManifest_Generation = YES;
				INFOPLIST_KEY_UIApplicationSupportsIndirectInputEvents = YES;
				INFOPLIST_KEY_UILaunchScreen_Generation = YES;
				INFOPLIST_KEY_UISupportedInterfaceOrientations_iPad = "UIInterfaceOrientationPortrait UIInterfaceOrientationPortraitUpsideDown UIInterfaceOrientationLandscapeLeft UIInterfaceOrientationLandscapeRight";
				INFOPLIST_KEY_UISupportedInterfaceOrientations_iPhone = "UIInterfaceOrientationPortrait UIInterfaceOrientationLandscapeLeft UIInterfaceOrientationLandscapeRight";
				LD_RUNPATH_SEARCH_PATHS = (
					"$(inherited)",
					"@executable_path/Frameworks",
				);
				MARKETING_VERSION = 1.0;
				PRODUCT_BUNDLE_IDENTIFIER = "io.iosacademy.Wallet-Buddy";
				PRODUCT_NAME = "$(TARGET_NAME)";
				SWIFT_EMIT_LOC_STRINGS = YES;
				SWIFT_VERSION = 5.0;
				TARGETED_DEVICE_FAMILY = "1,2";
			};
			name = Release;
		};
		53B55EB62CE5658500A0EAFA /* Debug */ = {
			isa = XCBuildConfiguration;
			buildSettings = {
				BUNDLE_LOADER = "$(TEST_HOST)";
				CODE_SIGN_STYLE = Automatic;
				CURRENT_PROJECT_VERSION = 1;
				GENERATE_INFOPLIST_FILE = YES;
				IPHONEOS_DEPLOYMENT_TARGET = 18.1;
				MARKETING_VERSION = 1.0;
				PRODUCT_BUNDLE_IDENTIFIER = "io.iosacademy.Wallet-BuddyTests";
				PRODUCT_NAME = "$(TARGET_NAME)";
				SWIFT_EMIT_LOC_STRINGS = NO;
				SWIFT_VERSION = 5.0;
				TARGETED_DEVICE_FAMILY = "1,2";
				TEST_HOST = "$(BUILT_PRODUCTS_DIR)/Wallet Buddy.app/$(BUNDLE_EXECUTABLE_FOLDER_PATH)/Wallet Buddy";
			};
			name = Debug;
		};
		53B55EB72CE5658500A0EAFA /* Release */ = {
			isa = XCBuildConfiguration;
			buildSettings = {
				BUNDLE_LOADER = "$(TEST_HOST)";
				CODE_SIGN_STYLE = Automatic;
				CURRENT_PROJECT_VERSION = 1;
				GENERATE_INFOPLIST_FILE = YES;
				IPHONEOS_DEPLOYMENT_TARGET = 18.1;
				MARKETING_VERSION = 1.0;
				PRODUCT_BUNDLE_IDENTIFIER = "io.iosacademy.Wallet-BuddyTests";
				PRODUCT_NAME = "$(TARGET_NAME)";
				SWIFT_EMIT_LOC_STRINGS = NO;
				SWIFT_VERSION = 5.0;
				TARGETED_DEVICE_FAMILY = "1,2";
				TEST_HOST = "$(BUILT_PRODUCTS_DIR)/Wallet Buddy.app/$(BUNDLE_EXECUTABLE_FOLDER_PATH)/Wallet Buddy";
			};
			name = Release;
		};
		53B55EB92CE5658500A0EAFA /* Debug */ = {
			isa = XCBuildConfiguration;
			buildSettings = {
				CODE_SIGN_STYLE = Automatic;
				CURRENT_PROJECT_VERSION = 1;
				GENERATE_INFOPLIST_FILE = YES;
				MARKETING_VERSION = 1.0;
				PRODUCT_BUNDLE_IDENTIFIER = "io.iosacademy.Wallet-BuddyUITests";
				PRODUCT_NAME = "$(TARGET_NAME)";
				SWIFT_EMIT_LOC_STRINGS = NO;
				SWIFT_VERSION = 5.0;
				TARGETED_DEVICE_FAMILY = "1,2";
				TEST_TARGET_NAME = "Wallet Buddy";
			};
			name = Debug;
		};
		53B55EBA2CE5658500A0EAFA /* Release */ = {
			isa = XCBuildConfiguration;
			buildSettings = {
				CODE_SIGN_STYLE = Automatic;
				CURRENT_PROJECT_VERSION = 1;
				GENERATE_INFOPLIST_FILE = YES;
				MARKETING_VERSION = 1.0;
				PRODUCT_BUNDLE_IDENTIFIER = "io.iosacademy.Wallet-BuddyUITests";
				PRODUCT_NAME = "$(TARGET_NAME)";
				SWIFT_EMIT_LOC_STRINGS = NO;
				SWIFT_VERSION = 5.0;
				TARGETED_DEVICE_FAMILY = "1,2";
				TEST_TARGET_NAME = "Wallet Buddy";
			};
			name = Release;
		};
/* End XCBuildConfiguration section */

/* Begin XCConfigurationList section */
		53B55E892CE5658200A0EAFA /* Build configuration list for PBXProject "Wallet Buddy" */ = {
			isa = XCConfigurationList;
			buildConfigurations = (
				53B55EB02CE5658500A0EAFA /* Debug */,
				53B55EB12CE5658500A0EAFA /* Release */,
			);
			defaultConfigurationIsVisible = 0;
			defaultConfigurationName = Release;
		};
		53B55EB22CE5658500A0EAFA /* Build configuration list for PBXNativeTarget "Wallet Buddy" */ = {
			isa = XCConfigurationList;
			buildConfigurations = (
				53B55EB32CE5658500A0EAFA /* Debug */,
				53B55EB42CE5658500A0EAFA /* Release */,
			);
			defaultConfigurationIsVisible = 0;
			defaultConfigurationName = Release;
		};
		53B55EB52CE5658500A0EAFA /* Build configuration list for PBXNativeTarget "Wallet BuddyTests" */ = {
			isa = XCConfigurationList;
			buildConfigurations = (
				53B55EB62CE5658500A0EAFA /* Debug */,
				53B55EB72CE5658500A0EAFA /* Release */,
			);
			defaultConfigurationIsVisible = 0;
			defaultConfigurationName = Release;
		};
		53B55EB82CE5658500A0EAFA /* Build configuration list for PBXNativeTarget "Wallet BuddyUITests" */ = {
			isa = XCConfigurationList;
			buildConfigurations = (
				53B55EB92CE5658500A0EAFA /* Debug */,
				53B55EBA2CE5658500A0EAFA /* Release */,
			);
			defaultConfigurationIsVisible = 0;
			defaultConfigurationName = Release;
		};
/* End XCConfigurationList section */
	};
	rootObject = 53B55E862CE5658200A0EAFA /* Project object */;
}
